
Microsoft Visual Studio Solution File, Format Version 12.00
# Visual Studio Version 16
VisualStudioVersion = 16.0.30011.22
MinimumVisualStudioVersion = 10.0.40219.1
Project("{9A19103F-16F7-4668-BE54-9A1E7A4F7556}") = "CS321_W4D2_BookAPI", "CS321_W4D2_BookAPI\CS321_W4D2_BookAPI.csproj", "{D3047AC2-B953-4A81-BE72-69BA41B6DA7E}"
EndProject
Project("{FAE04EC0-301F-11D3-BF4B-00C04F79EFBC}") = "CS321_W4D2_BookAPI.Core", "CS321_W4D2_BookAPI.Core\CS321_W4D2_BookAPI.Core.csproj", "{711774C6-25FC-4907-AFFA-DC567E141554}"
EndProject
Project("{FAE04EC0-301F-11D3-BF4B-00C04F79EFBC}") = "CS321_W4D2_BookAPI.Infrastructure", "CS321_W4D2_BookAPI.Infrastructure\CS321_W4D2_BookAPI.Infrastructure.csproj", "{0347960B-B1E0-4B80-A3EC-58ACB1BC5772}"
EndProject
Global
	GlobalSection(SolutionConfigurationPlatforms) = preSolution
		Debug|Any CPU = Debug|Any CPU
		Release|Any CPU = Release|Any CPU
	EndGlobalSection
	GlobalSection(ProjectConfigurationPlatforms) = postSolution
		{D3047AC2-B953-4A81-BE72-69BA41B6DA7E}.Debug|Any CPU.ActiveCfg = Debug|Any CPU
		{D3047AC2-B953-4A81-BE72-69BA41B6DA7E}.Debug|Any CPU.Build.0 = Debug|Any CPU
		{D3047AC2-B953-4A81-BE72-69BA41B6DA7E}.Release|Any CPU.ActiveCfg = Release|Any CPU
		{D3047AC2-B953-4A81-BE72-69BA41B6DA7E}.Release|Any CPU.Build.0 = Release|Any CPU
		{711774C6-25FC-4907-AFFA-DC567E141554}.Debug|Any CPU.ActiveCfg = Debug|Any CPU
		{711774C6-25FC-4907-AFFA-DC567E141554}.Debug|Any CPU.Build.0 = Debug|Any CPU
		{711774C6-25FC-4907-AFFA-DC567E141554}.Release|Any CPU.ActiveCfg = Release|Any CPU
		{711774C6-25FC-4907-AFFA-DC567E141554}.Release|Any CPU.Build.0 = Release|Any CPU
		{0347960B-B1E0-4B80-A3EC-58ACB1BC5772}.Debug|Any CPU.ActiveCfg = Debug|Any CPU
		{0347960B-B1E0-4B80-A3EC-58ACB1BC5772}.Debug|Any CPU.Build.0 = Debug|Any CPU
		{0347960B-B1E0-4B80-A3EC-58ACB1BC5772}.Release|Any CPU.ActiveCfg = Release|Any CPU
		{0347960B-B1E0-4B80-A3EC-58ACB1BC5772}.Release|Any CPU.Build.0 = Release|Any CPU
	EndGlobalSection
	GlobalSection(SolutionProperties) = preSolution
		HideSolutionNode = FALSE
	EndGlobalSection
	GlobalSection(ExtensibilityGlobals) = postSolution
		SolutionGuid = {4EC231F2-C2D7-475D-8285-500FE70420EE}
	EndGlobalSection
EndGlobal
